// !$*UTF8*$!
{
	archiveVersion = 1;
	classes = {
	};
	objectVersion = 46;
	objects = {

/* Begin PBXBuildFile section */
		3CCA63651CB2FA15000AF622 /* main.m in Sources */ = {isa = PBXBuildFile; fileRef = 3CCA63641CB2FA15000AF622 /* main.m */; };
		3CCA63681CB2FA15000AF622 /* AppDelegate.m in Sources */ = {isa = PBXBuildFile; fileRef = 3CCA63671CB2FA15000AF622 /* AppDelegate.m */; };
		3CCA636B1CB2FA15000AF622 /* ViewController.m in Sources */ = {isa = PBXBuildFile; fileRef = 3CCA636A1CB2FA15000AF622 /* ViewController.m */; };
		3CCA636E1CB2FA15000AF622 /* Main.storyboard in Resources */ = {isa = PBXBuildFile; fileRef = 3CCA636C1CB2FA15000AF622 /* Main.storyboard */; };
		3CCA63701CB2FA15000AF622 /* Assets.xcassets in Resources */ = {isa = PBXBuildFile; fileRef = 3CCA636F1CB2FA15000AF622 /* Assets.xcassets */; };
		3CCA63731CB2FA15000AF622 /* LaunchScreen.storyboard in Resources */ = {isa = PBXBuildFile; fileRef = 3CCA63711CB2FA15000AF622 /* LaunchScreen.storyboard */; };
		3CCA637C1CB2FB0A000AF622 /* OTMain.m in Sources */ = {isa = PBXBuildFile; fileRef = 3CCA637B1CB2FB0A000AF622 /* OTMain.m */; };
		3CCA637F1CB2FE54000AF622 /* OTObject.m in Sources */ = {isa = PBXBuildFile; fileRef = 3CCA637E1CB2FE54000AF622 /* OTObject.m */; };
/* End PBXBuildFile section */

/* Begin PBXFileReference section */
		3CCA63601CB2FA15000AF622 /* 11_SelectorsTest.app */ = {isa = PBXFileReference; explicitFileType = wrapper.application; includeInIndex = 0; path = 11_SelectorsTest.app; sourceTree = BUILT_PRODUCTS_DIR; };
		3CCA63641CB2FA15000AF622 /* main.m */ = {isa = PBXFileReference; lastKnownFileType = sourcecode.c.objc; path = main.m; sourceTree = "<group>"; };
		3CCA63661CB2FA15000AF622 /* AppDelegate.h */ = {isa = PBXFileReference; lastKnownFileType = sourcecode.c.h; path = AppDelegate.h; sourceTree = "<group>"; };
		3CCA63671CB2FA15000AF622 /* AppDelegate.m */ = {isa = PBXFileReference; lastKnownFileType = sourcecode.c.objc; path = AppDelegate.m; sourceTree = "<group>"; };
		3CCA63691CB2FA15000AF622 /* ViewController.h */ = {isa = PBXFileReference; lastKnownFileType = sourcecode.c.h; path = ViewController.h; sourceTree = "<group>"; };
		3CCA636A1CB2FA15000AF622 /* ViewController.m */ = {isa = PBXFileReference; lastKnownFileType = sourcecode.c.objc; path = ViewController.m; sourceTree = "<group>"; };
		3CCA636D1CB2FA15000AF622 /* Base */ = {isa = PBXFileReference; lastKnownFileType = file.storyboard; name = Base; path = Base.lproj/Main.storyboard; sourceTree = "<group>"; };
		3CCA636F1CB2FA15000AF622 /* Assets.xcassets */ = {isa = PBXFileReference; lastKnownFileType = folder.assetcatalog; path = Assets.xcassets; sourceTree = "<group>"; };
		3CCA63721CB2FA15000AF622 /* Base */ = {isa = PBXFileReference; lastKnownFileType = file.storyboard; name = Base; path = Base.lproj/LaunchScreen.storyboard; sourceTree = "<group>"; };
		3CCA63741CB2FA15000AF622 /* Info.plist */ = {isa = PBXFileReference; lastKnownFileType = text.plist.xml; path = Info.plist; sourceTree = "<group>"; };
		3CCA637A1CB2FB0A000AF622 /* OTMain.h */ = {isa = PBXFileReference; fileEncoding = 4; lastKnownFileType = sourcecode.c.h; path = OTMain.h; sourceTree = "<group>"; };
		3CCA637B1CB2FB0A000AF622 /* OTMain.m */ = {isa = PBXFileReference; fileEncoding = 4; lastKnownFileType = sourcecode.c.objc; path = OTMain.m; sourceTree = "<group>"; };
		3CCA637D1CB2FE54000AF622 /* OTObject.h */ = {isa = PBXFileReference; fileEncoding = 4; lastKnownFileType = sourcecode.c.h; name = OTObject.h; path = ../OTObject.h; sourceTree = "<group>"; };
		3CCA637E1CB2FE54000AF622 /* OTObject.m */ = {isa = PBXFileReference; fileEncoding = 4; lastKnownFileType = sourcecode.c.objc; name = OTObject.m; path = ../OTObject.m; sourceTree = "<group>"; };
/* End PBXFileReference section */

/* Begin PBXFrameworksBuildPhase section */
		3CCA635D1CB2FA15000AF622 /* Frameworks */ = {
			isa = PBXFrameworksBuildPhase;
			buildActionMask = 2147483647;
			files = (
			);
			runOnlyForDeploymentPostprocessing = 0;
		};
/* End PBXFrameworksBuildPhase section */

/* Begin PBXGroup section */
		3CCA63571CB2FA15000AF622 = {
			isa = PBXGroup;
			children = (
				3CCA63621CB2FA15000AF622 /* 11_SelectorsTest */,
				3CCA63611CB2FA15000AF622 /* Products */,
			);
			sourceTree = "<group>";
		};
		3CCA63611CB2FA15000AF622 /* Products */ = {
			isa = PBXGroup;
			children = (
				3CCA63601CB2FA15000AF622 /* 11_SelectorsTest.app */,
			);
			name = Products;
			sourceTree = "<group>";
		};
		3CCA63621CB2FA15000AF622 /* 11_SelectorsTest */ = {
			isa = PBXGroup;
			children = (
				3CCA63661CB2FA15000AF622 /* AppDelegate.h */,
				3CCA63671CB2FA15000AF622 /* AppDelegate.m */,
				3CCA637A1CB2FB0A000AF622 /* OTMain.h */,
				3CCA637B1CB2FB0A000AF622 /* OTMain.m */,
				3CCA637D1CB2FE54000AF622 /* OTObject.h */,
				3CCA637E1CB2FE54000AF622 /* OTObject.m */,
				3CCA63631CB2FA15000AF622 /* Supporting Files */,
			);
			path = 11_SelectorsTest;
			sourceTree = "<group>";
		};
		3CCA63631CB2FA15000AF622 /* Supporting Files */ = {
			isa = PBXGroup;
			children = (
				3CCA63691CB2FA15000AF622 /* ViewController.h */,
				3CCA636A1CB2FA15000AF622 /* ViewController.m */,
				3CCA636C1CB2FA15000AF622 /* Main.storyboard */,
				3CCA636F1CB2FA15000AF622 /* Assets.xcassets */,
				3CCA63711CB2FA15000AF622 /* LaunchScreen.storyboard */,
				3CCA63741CB2FA15000AF622 /* Info.plist */,
				3CCA63641CB2FA15000AF622 /* main.m */,
			);
			name = "Supporting Files";
			sourceTree = "<group>";
		};
/* End PBXGroup section */

/* Begin PBXNativeTarget section */
		3CCA635F1CB2FA15000AF622 /* 11_SelectorsTest */ = {
			isa = PBXNativeTarget;
			buildConfigurationList = 3CCA63771CB2FA15000AF622 /* Build configuration list for PBXNativeTarget "11_SelectorsTest" */;
			buildPhases = (
				3CCA635C1CB2FA15000AF622 /* Sources */,
				3CCA635D1CB2FA15000AF622 /* Frameworks */,
				3CCA635E1CB2FA15000AF622 /* Resources */,
			);
			buildRules = (
			);
			dependencies = (
			);
			name = 11_SelectorsTest;
			productName = 11_SelectorsTest;
			productReference = 3CCA63601CB2FA15000AF622 /* 11_SelectorsTest.app */;
			productType = "com.apple.product-type.application";
		};
/* End PBXNativeTarget section */

/* Begin PBXProject section */
		3CCA63581CB2FA15000AF622 /* Project object */ = {
			isa = PBXProject;
			attributes = {
				LastUpgradeCheck = 0730;
				ORGANIZATIONNAME = "Oleg Tverdokhleb";
				TargetAttributes = {
					3CCA635F1CB2FA15000AF622 = {
						CreatedOnToolsVersion = 7.3;
					};
				};
			};
			buildConfigurationList = 3CCA635B1CB2FA15000AF622 /* Build configuration list for PBXProject "11_SelectorsTest" */;
			compatibilityVersion = "Xcode 3.2";
			developmentRegion = English;
			hasScannedForEncodings = 0;
			knownRegions = (
				en,
				Base,
			);
			mainGroup = 3CCA63571CB2FA15000AF622;
			productRefGroup = 3CCA63611CB2FA15000AF622 /* Products */;
			projectDirPath = "";
			projectRoot = "";
			targets = (
				3CCA635F1CB2FA15000AF622 /* 11_SelectorsTest */,
			);
		};
/* End PBXProject section */

/* Begin PBXResourcesBuildPhase section */
		3CCA635E1CB2FA15000AF622 /* Resources */ = {
			isa = PBXResourcesBuildPhase;
			buildActionMask = 2147483647;
			files = (
				3CCA63731CB2FA15000AF622 /* LaunchScreen.storyboard in Resources */,
				3CCA63701CB2FA15000AF622 /* Assets.xcassets in Resources */,
				3CCA636E1CB2FA15000AF622 /* Main.storyboard in Resources */,
			);
			runOnlyForDeploymentPostprocessing = 0;
		};
/* End PBXResourcesBuildPhase section */

/* Begin PBXSourcesBuildPhase section */
		3CCA635C1CB2FA15000AF622 /* Sources */ = {
			isa = PBXSourcesBuildPhase;
			buildActionMask = 2147483647;
			files = (
				3CCA636B1CB2FA15000AF622 /* ViewController.m in Sources */,
				3CCA63681CB2FA15000AF622 /* AppDelegate.m in Sources */,
				3CCA63651CB2FA15000AF622 /* main.m in Sources */,
				3CCA637F1CB2FE54000AF622 /* OTObject.m in Sources */,
				3CCA637C1CB2FB0A000AF622 /* OTMain.m in Sources */,
			);
			runOnlyForDeploymentPostprocessing = 0;
		};
/* End PBXSourcesBuildPhase section */

/* Begin PBXVariantGroup section */
		3CCA636C1CB2FA15000AF622 /* Main.storyboard */ = {
			isa = PBXVariantGroup;
			children = (
				3CCA636D1CB2FA15000AF622 /* Base */,
			);
			name = Main.storyboard;
			sourceTree = "<group>";
		};
		3CCA63711CB2FA15000AF622 /* LaunchScreen.storyboard */ = {
			isa = PBXVariantGroup;
			children = (
				3CCA63721CB2FA15000AF622 /* Base */,
			);
			name = LaunchScreen.storyboard;
			sourceTree = "<group>";
		};
/* End PBXVariantGroup section */

/* Begin XCBuildConfiguration section */
		3CCA63751CB2FA15000AF622 /* Debug */ = {
			isa = XCBuildConfiguration;
			buildSettings = {
				ALWAYS_SEARCH_USER_PATHS = NO;
				CLANG_ANALYZER_NONNULL = YES;
				CLANG_CXX_LANGUAGE_STANDARD = "gnu++0x";
				CLANG_CXX_LIBRARY = "libc++";
				CLANG_ENABLE_MODULES = YES;
				CLANG_ENABLE_OBJC_ARC = YES;
				CLANG_WARN_BOOL_CONVERSION = YES;
				CLANG_WARN_CONSTANT_CONVERSION = YES;
				CLANG_WARN_DIRECT_OBJC_ISA_USAGE = YES_ERROR;
				CLANG_WARN_EMPTY_BODY = YES;
				CLANG_WARN_ENUM_CONVERSION = YES;
				CLANG_WARN_INT_CONVERSION = YES;
				CLANG_WARN_OBJC_ROOT_CLASS = YES_ERROR;
				CLANG_WARN_UNREACHABLE_CODE = YES;
				CLANG_WARN__DUPLICATE_METHOD_MATCH = YES;
				"CODE_SIGN_IDENTITY[sdk=iphoneos*]" = "iPhone Developer";
				COPY_PHASE_STRIP = NO;
				DEBUG_INFORMATION_FORMAT = dwarf;
				ENABLE_STRICT_OBJC_MSGSEND = YES;
				ENABLE_TESTABILITY = YES;
				GCC_C_LANGUAGE_STANDARD = gnu99;
				GCC_DYNAMIC_NO_PIC = NO;
				GCC_NO_COMMON_BLOCKS = YES;
				GCC_OPTIMIZATION_LEVEL = 0;
				GCC_PREPROCESSOR_DEFINITIONS = (
					"DEBUG=1",
					"$(inherited)",
				);
				GCC_WARN_64_TO_32_BIT_CONVERSION = YES;
				GCC_WARN_ABOUT_RETURN_TYPE = YES_ERROR;
				GCC_WARN_UNDECLARED_SELECTOR = YES;
				GCC_WARN_UNINITIALIZED_AUTOS = YES_AGGRESSIVE;
				GCC_WARN_UNUSED_FUNCTION = YES;
				GCC_WARN_UNUSED_VARIABLE = YES;
				IPHONEOS_DEPLOYMENT_TARGET = 9.3;
				MTL_ENABLE_DEBUG_INFO = YES;
				ONLY_ACTIVE_ARCH = YES;
				SDKROOT = iphoneos;
				TARGETED_DEVICE_FAMILY = "1,2";
			};
			name = Debug;
		};
		3CCA63761CB2FA15000AF622 /* Release */ = {
			isa = XCBuildConfiguration;
			buildSettings = {
				ALWAYS_SEARCH_USER_PATHS = NO;
				CLANG_ANALYZER_NONNULL = YES;
				CLANG_CXX_LANGUAGE_STANDARD = "gnu++0x";
				CLANG_CXX_LIBRARY = "libc++";
				CLANG_ENABLE_MODULES = YES;
				CLANG_ENABLE_OBJC_ARC = YES;
				CLANG_WARN_BOOL_CONVERSION = YES;
				CLANG_WARN_CONSTANT_CONVERSION = YES;
				CLANG_WARN_DIRECT_OBJC_ISA_USAGE = YES_ERROR;
				CLANG_WARN_EMPTY_BODY = YES;
				CLANG_WARN_ENUM_CONVERSION = YES;
				CLANG_WARN_INT_CONVERSION = YES;
				CLANG_WARN_OBJC_ROOT_CLASS = YES_ERROR;
				CLANG_WARN_UNREACHABLE_CODE = YES;
				CLANG_WARN__DUPLICATE_METHOD_MATCH = YES;
				"CODE_SIGN_IDENTITY[sdk=iphoneos*]" = "iPhone Developer";
				COPY_PHASE_STRIP = NO;
				DEBUG_INFORMATION_FORMAT = "dwarf-with-dsym";
				ENABLE_NS_ASSERTIONS = NO;
				ENABLE_STRICT_OBJC_MSGSEND = YES;
				GCC_C_LANGUAGE_STANDARD = gnu99;
				GCC_NO_COMMON_BLOCKS = YES;
				GCC_WARN_64_TO_32_BIT_CONVERSION = YES;
				GCC_WARN_ABOUT_RETURN_TYPE = YES_ERROR;
				GCC_WARN_UNDECLARED_SELECTOR = YES;
				GCC_WARN_UNINITIALIZED_AUTOS = YES_AGGRESSIVE;
				GCC_WARN_UNUSED_FUNCTION = YES;
				GCC_WARN_UNUSED_VARIABLE = YES;
				IPHONEOS_DEPLOYMENT_TARGET = 9.3;
				MTL_ENABLE_DEBUG_INFO = NO;
				SDKROOT = iphoneos;
				TARGETED_DEVICE_FAMILY = "1,2";
				VALIDATE_PRODUCT = YES;
			};
			name = Release;
		};
		3CCA63781CB2FA15000AF622 /* Debug */ = {
			isa = XCBuildConfiguration;
			buildSettings = {
				ASSETCATALOG_COMPILER_APPICON_NAME = AppIcon;
				INFOPLIST_FILE = 11_SelectorsTest/Info.plist;
				LD_RUNPATH_SEARCH_PATHS = "$(inherited) @executable_path/Frameworks";
				PRODUCT_BUNDLE_IDENTIFIER = "com.oltv00.-1-SelectorsTest";
				PRODUCT_NAME = "$(TARGET_NAME)";
			};
			name = Debug;
		};
		3CCA63791CB2FA15000AF622 /* Release */ = {
			isa = XCBuildConfiguration;
			buildSettings = {
				ASSETCATALOG_COMPILER_APPICON_NAME = AppIcon;
				INFOPLIST_FILE = 11_SelectorsTest/Info.plist;
				LD_RUNPATH_SEARCH_PATHS = "$(inherited) @executable_path/Frameworks";
				PRODUCT_BUNDLE_IDENTIFIER = "com.oltv00.-1-SelectorsTest";
				PRODUCT_NAME = "$(TARGET_NAME)";
			};
			name = Release;
		};
/* End XCBuildConfiguration section */

/* Begin XCConfigurationList section */
		3CCA635B1CB2FA15000AF622 /* Build configuration list for PBXProject "11_SelectorsTest" */ = {
			isa = XCConfigurationList;
			buildConfigurations = (
				3CCA63751CB2FA15000AF622 /* Debug */,
				3CCA63761CB2FA15000AF622 /* Release */,
			);
			defaultConfigurationIsVisible = 0;
			defaultConfigurationName = Release;
		};
		3CCA63771CB2FA15000AF622 /* Build configuration list for PBXNativeTarget "11_SelectorsTest" */ = {
			isa = XCConfigurationList;
			buildConfigurations = (
				3CCA63781CB2FA15000AF622 /* Debug */,
				3CCA63791CB2FA15000AF622 /* Release */,
			);
			defaultConfigurationIsVisible = 0;
		};
/* End XCConfigurationList section */
	};
	rootObject = 3CCA63581CB2FA15000AF622 /* Project object */;
}
