// !$*UTF8*$!
{
	archiveVersion = 1;
	classes = {
	};
	objectVersion = 46;
	objects = {

/* Begin PBXBuildFile section */
		3CF7AF5F1CD636F8004FD110 /* main.m in Sources */ = {isa = PBXBuildFile; fileRef = 3CF7AF5E1CD636F8004FD110 /* main.m */; };
		3CF7AF621CD636F8004FD110 /* AppDelegate.m in Sources */ = {isa = PBXBuildFile; fileRef = 3CF7AF611CD636F8004FD110 /* AppDelegate.m */; };
		3CF7AF681CD636F8004FD110 /* Main.storyboard in Resources */ = {isa = PBXBuildFile; fileRef = 3CF7AF661CD636F8004FD110 /* Main.storyboard */; };
		3CF7AF6A1CD636F8004FD110 /* Assets.xcassets in Resources */ = {isa = PBXBuildFile; fileRef = 3CF7AF691CD636F8004FD110 /* Assets.xcassets */; };
		3CF7AF6D1CD636F8004FD110 /* LaunchScreen.storyboard in Resources */ = {isa = PBXBuildFile; fileRef = 3CF7AF6B1CD636F8004FD110 /* LaunchScreen.storyboard */; };
		3CF7AF781CD636F8004FD110 /* iOSDev3501_TableViewSearchHWTests.m in Sources */ = {isa = PBXBuildFile; fileRef = 3CF7AF771CD636F8004FD110 /* iOSDev3501_TableViewSearchHWTests.m */; };
		3CF7AF831CD636F8004FD110 /* iOSDev3501_TableViewSearchHWUITests.m in Sources */ = {isa = PBXBuildFile; fileRef = 3CF7AF821CD636F8004FD110 /* iOSDev3501_TableViewSearchHWUITests.m */; };
		3CF7AF951CD63871004FD110 /* SearchTableViewController.m in Sources */ = {isa = PBXBuildFile; fileRef = 3CF7AF941CD63871004FD110 /* SearchTableViewController.m */; };
		3CF7AF981CD638A6004FD110 /* Student.m in Sources */ = {isa = PBXBuildFile; fileRef = 3CF7AF971CD638A6004FD110 /* Student.m */; };
/* End PBXBuildFile section */

/* Begin PBXContainerItemProxy section */
		3CF7AF741CD636F8004FD110 /* PBXContainerItemProxy */ = {
			isa = PBXContainerItemProxy;
			containerPortal = 3CF7AF521CD636F8004FD110 /* Project object */;
			proxyType = 1;
			remoteGlobalIDString = 3CF7AF591CD636F8004FD110;
			remoteInfo = iOSDev3501_TableViewSearchHW;
		};
		3CF7AF7F1CD636F8004FD110 /* PBXContainerItemProxy */ = {
			isa = PBXContainerItemProxy;
			containerPortal = 3CF7AF521CD636F8004FD110 /* Project object */;
			proxyType = 1;
			remoteGlobalIDString = 3CF7AF591CD636F8004FD110;
			remoteInfo = iOSDev3501_TableViewSearchHW;
		};
/* End PBXContainerItemProxy section */

/* Begin PBXFileReference section */
		3CF7AF5A1CD636F8004FD110 /* iOSDev3501_TableViewSearchHW.app */ = {isa = PBXFileReference; explicitFileType = wrapper.application; includeInIndex = 0; path = iOSDev3501_TableViewSearchHW.app; sourceTree = BUILT_PRODUCTS_DIR; };
		3CF7AF5E1CD636F8004FD110 /* main.m */ = {isa = PBXFileReference; lastKnownFileType = sourcecode.c.objc; path = main.m; sourceTree = "<group>"; };
		3CF7AF601CD636F8004FD110 /* AppDelegate.h */ = {isa = PBXFileReference; lastKnownFileType = sourcecode.c.h; path = AppDelegate.h; sourceTree = "<group>"; };
		3CF7AF611CD636F8004FD110 /* AppDelegate.m */ = {isa = PBXFileReference; lastKnownFileType = sourcecode.c.objc; path = AppDelegate.m; sourceTree = "<group>"; };
		3CF7AF671CD636F8004FD110 /* Base */ = {isa = PBXFileReference; lastKnownFileType = file.storyboard; name = Base; path = Base.lproj/Main.storyboard; sourceTree = "<group>"; };
		3CF7AF691CD636F8004FD110 /* Assets.xcassets */ = {isa = PBXFileReference; lastKnownFileType = folder.assetcatalog; path = Assets.xcassets; sourceTree = "<group>"; };
		3CF7AF6C1CD636F8004FD110 /* Base */ = {isa = PBXFileReference; lastKnownFileType = file.storyboard; name = Base; path = Base.lproj/LaunchScreen.storyboard; sourceTree = "<group>"; };
		3CF7AF6E1CD636F8004FD110 /* Info.plist */ = {isa = PBXFileReference; lastKnownFileType = text.plist.xml; path = Info.plist; sourceTree = "<group>"; };
		3CF7AF731CD636F8004FD110 /* iOSDev3501_TableViewSearchHWTests.xctest */ = {isa = PBXFileReference; explicitFileType = wrapper.cfbundle; includeInIndex = 0; path = iOSDev3501_TableViewSearchHWTests.xctest; sourceTree = BUILT_PRODUCTS_DIR; };
		3CF7AF771CD636F8004FD110 /* iOSDev3501_TableViewSearchHWTests.m */ = {isa = PBXFileReference; lastKnownFileType = sourcecode.c.objc; path = iOSDev3501_TableViewSearchHWTests.m; sourceTree = "<group>"; };
		3CF7AF791CD636F8004FD110 /* Info.plist */ = {isa = PBXFileReference; lastKnownFileType = text.plist.xml; path = Info.plist; sourceTree = "<group>"; };
		3CF7AF7E1CD636F8004FD110 /* iOSDev3501_TableViewSearchHWUITests.xctest */ = {isa = PBXFileReference; explicitFileType = wrapper.cfbundle; includeInIndex = 0; path = iOSDev3501_TableViewSearchHWUITests.xctest; sourceTree = BUILT_PRODUCTS_DIR; };
		3CF7AF821CD636F8004FD110 /* iOSDev3501_TableViewSearchHWUITests.m */ = {isa = PBXFileReference; lastKnownFileType = sourcecode.c.objc; path = iOSDev3501_TableViewSearchHWUITests.m; sourceTree = "<group>"; };
		3CF7AF841CD636F8004FD110 /* Info.plist */ = {isa = PBXFileReference; lastKnownFileType = text.plist.xml; path = Info.plist; sourceTree = "<group>"; };
		3CF7AF931CD63871004FD110 /* SearchTableViewController.h */ = {isa = PBXFileReference; fileEncoding = 4; lastKnownFileType = sourcecode.c.h; path = SearchTableViewController.h; sourceTree = "<group>"; };
		3CF7AF941CD63871004FD110 /* SearchTableViewController.m */ = {isa = PBXFileReference; fileEncoding = 4; lastKnownFileType = sourcecode.c.objc; path = SearchTableViewController.m; sourceTree = "<group>"; };
		3CF7AF961CD638A6004FD110 /* Student.h */ = {isa = PBXFileReference; fileEncoding = 4; lastKnownFileType = sourcecode.c.h; path = Student.h; sourceTree = "<group>"; };
		3CF7AF971CD638A6004FD110 /* Student.m */ = {isa = PBXFileReference; fileEncoding = 4; lastKnownFileType = sourcecode.c.objc; path = Student.m; sourceTree = "<group>"; };
		3CF7AF991CD6394A004FD110 /* Data.h */ = {isa = PBXFileReference; fileEncoding = 4; lastKnownFileType = sourcecode.c.h; path = Data.h; sourceTree = "<group>"; };
/* End PBXFileReference section */

/* Begin PBXFrameworksBuildPhase section */
		3CF7AF571CD636F8004FD110 /* Frameworks */ = {
			isa = PBXFrameworksBuildPhase;
			buildActionMask = 2147483647;
			files = (
			);
			runOnlyForDeploymentPostprocessing = 0;
		};
		3CF7AF701CD636F8004FD110 /* Frameworks */ = {
			isa = PBXFrameworksBuildPhase;
			buildActionMask = 2147483647;
			files = (
			);
			runOnlyForDeploymentPostprocessing = 0;
		};
		3CF7AF7B1CD636F8004FD110 /* Frameworks */ = {
			isa = PBXFrameworksBuildPhase;
			buildActionMask = 2147483647;
			files = (
			);
			runOnlyForDeploymentPostprocessing = 0;
		};
/* End PBXFrameworksBuildPhase section */

/* Begin PBXGroup section */
		3CF7AF511CD636F8004FD110 = {
			isa = PBXGroup;
			children = (
				3CF7AF5C1CD636F8004FD110 /* iOSDev3501_TableViewSearchHW */,
				3CF7AF761CD636F8004FD110 /* iOSDev3501_TableViewSearchHWTests */,
				3CF7AF811CD636F8004FD110 /* iOSDev3501_TableViewSearchHWUITests */,
				3CF7AF5B1CD636F8004FD110 /* Products */,
			);
			sourceTree = "<group>";
		};
		3CF7AF5B1CD636F8004FD110 /* Products */ = {
			isa = PBXGroup;
			children = (
				3CF7AF5A1CD636F8004FD110 /* iOSDev3501_TableViewSearchHW.app */,
				3CF7AF731CD636F8004FD110 /* iOSDev3501_TableViewSearchHWTests.xctest */,
				3CF7AF7E1CD636F8004FD110 /* iOSDev3501_TableViewSearchHWUITests.xctest */,
			);
			name = Products;
			sourceTree = "<group>";
		};
		3CF7AF5C1CD636F8004FD110 /* iOSDev3501_TableViewSearchHW */ = {
			isa = PBXGroup;
			children = (
				3CF7AF921CD63849004FD110 /* Model */,
				3CF7AF911CD63837004FD110 /* Controller */,
				3CF7AF901CD63831004FD110 /* UI */,
				3CF7AF5D1CD636F8004FD110 /* Supporting Files */,
			);
			path = iOSDev3501_TableViewSearchHW;
			sourceTree = "<group>";
		};
		3CF7AF5D1CD636F8004FD110 /* Supporting Files */ = {
			isa = PBXGroup;
			children = (
				3CF7AF601CD636F8004FD110 /* AppDelegate.h */,
				3CF7AF611CD636F8004FD110 /* AppDelegate.m */,
				3CF7AF6E1CD636F8004FD110 /* Info.plist */,
				3CF7AF5E1CD636F8004FD110 /* main.m */,
			);
			name = "Supporting Files";
			sourceTree = "<group>";
		};
		3CF7AF761CD636F8004FD110 /* iOSDev3501_TableViewSearchHWTests */ = {
			isa = PBXGroup;
			children = (
				3CF7AF771CD636F8004FD110 /* iOSDev3501_TableViewSearchHWTests.m */,
				3CF7AF791CD636F8004FD110 /* Info.plist */,
			);
			path = iOSDev3501_TableViewSearchHWTests;
			sourceTree = "<group>";
		};
		3CF7AF811CD636F8004FD110 /* iOSDev3501_TableViewSearchHWUITests */ = {
			isa = PBXGroup;
			children = (
				3CF7AF821CD636F8004FD110 /* iOSDev3501_TableViewSearchHWUITests.m */,
				3CF7AF841CD636F8004FD110 /* Info.plist */,
			);
			path = iOSDev3501_TableViewSearchHWUITests;
			sourceTree = "<group>";
		};
		3CF7AF901CD63831004FD110 /* UI */ = {
			isa = PBXGroup;
			children = (
				3CF7AF691CD636F8004FD110 /* Assets.xcassets */,
				3CF7AF661CD636F8004FD110 /* Main.storyboard */,
				3CF7AF6B1CD636F8004FD110 /* LaunchScreen.storyboard */,
			);
			name = UI;
			sourceTree = "<group>";
		};
		3CF7AF911CD63837004FD110 /* Controller */ = {
			isa = PBXGroup;
			children = (
				3CF7AF931CD63871004FD110 /* SearchTableViewController.h */,
				3CF7AF941CD63871004FD110 /* SearchTableViewController.m */,
			);
			name = Controller;
			path = ..;
			sourceTree = "<group>";
		};
		3CF7AF921CD63849004FD110 /* Model */ = {
			isa = PBXGroup;
			children = (
				3CF7AF991CD6394A004FD110 /* Data.h */,
				3CF7AF961CD638A6004FD110 /* Student.h */,
				3CF7AF971CD638A6004FD110 /* Student.m */,
			);
			name = Model;
			path = ..;
			sourceTree = "<group>";
		};
/* End PBXGroup section */

/* Begin PBXNativeTarget section */
		3CF7AF591CD636F8004FD110 /* iOSDev3501_TableViewSearchHW */ = {
			isa = PBXNativeTarget;
			buildConfigurationList = 3CF7AF871CD636F8004FD110 /* Build configuration list for PBXNativeTarget "iOSDev3501_TableViewSearchHW" */;
			buildPhases = (
				3CF7AF561CD636F8004FD110 /* Sources */,
				3CF7AF571CD636F8004FD110 /* Frameworks */,
				3CF7AF581CD636F8004FD110 /* Resources */,
			);
			buildRules = (
			);
			dependencies = (
			);
			name = iOSDev3501_TableViewSearchHW;
			productName = iOSDev3501_TableViewSearchHW;
			productReference = 3CF7AF5A1CD636F8004FD110 /* iOSDev3501_TableViewSearchHW.app */;
			productType = "com.apple.product-type.application";
		};
		3CF7AF721CD636F8004FD110 /* iOSDev3501_TableViewSearchHWTests */ = {
			isa = PBXNativeTarget;
			buildConfigurationList = 3CF7AF8A1CD636F8004FD110 /* Build configuration list for PBXNativeTarget "iOSDev3501_TableViewSearchHWTests" */;
			buildPhases = (
				3CF7AF6F1CD636F8004FD110 /* Sources */,
				3CF7AF701CD636F8004FD110 /* Frameworks */,
				3CF7AF711CD636F8004FD110 /* Resources */,
			);
			buildRules = (
			);
			dependencies = (
				3CF7AF751CD636F8004FD110 /* PBXTargetDependency */,
			);
			name = iOSDev3501_TableViewSearchHWTests;
			productName = iOSDev3501_TableViewSearchHWTests;
			productReference = 3CF7AF731CD636F8004FD110 /* iOSDev3501_TableViewSearchHWTests.xctest */;
			productType = "com.apple.product-type.bundle.unit-test";
		};
		3CF7AF7D1CD636F8004FD110 /* iOSDev3501_TableViewSearchHWUITests */ = {
			isa = PBXNativeTarget;
			buildConfigurationList = 3CF7AF8D1CD636F8004FD110 /* Build configuration list for PBXNativeTarget "iOSDev3501_TableViewSearchHWUITests" */;
			buildPhases = (
				3CF7AF7A1CD636F8004FD110 /* Sources */,
				3CF7AF7B1CD636F8004FD110 /* Frameworks */,
				3CF7AF7C1CD636F8004FD110 /* Resources */,
			);
			buildRules = (
			);
			dependencies = (
				3CF7AF801CD636F8004FD110 /* PBXTargetDependency */,
			);
			name = iOSDev3501_TableViewSearchHWUITests;
			productName = iOSDev3501_TableViewSearchHWUITests;
			productReference = 3CF7AF7E1CD636F8004FD110 /* iOSDev3501_TableViewSearchHWUITests.xctest */;
			productType = "com.apple.product-type.bundle.ui-testing";
		};
/* End PBXNativeTarget section */

/* Begin PBXProject section */
		3CF7AF521CD636F8004FD110 /* Project object */ = {
			isa = PBXProject;
			attributes = {
				LastUpgradeCheck = 0730;
				ORGANIZATIONNAME = "Oleg Tverdokhleb";
				TargetAttributes = {
					3CF7AF591CD636F8004FD110 = {
						CreatedOnToolsVersion = 7.3;
					};
					3CF7AF721CD636F8004FD110 = {
						CreatedOnToolsVersion = 7.3;
						TestTargetID = 3CF7AF591CD636F8004FD110;
					};
					3CF7AF7D1CD636F8004FD110 = {
						CreatedOnToolsVersion = 7.3;
						TestTargetID = 3CF7AF591CD636F8004FD110;
					};
				};
			};
			buildConfigurationList = 3CF7AF551CD636F8004FD110 /* Build configuration list for PBXProject "iOSDev3501_TableViewSearchHW" */;
			compatibilityVersion = "Xcode 3.2";
			developmentRegion = English;
			hasScannedForEncodings = 0;
			knownRegions = (
				en,
				Base,
			);
			mainGroup = 3CF7AF511CD636F8004FD110;
			productRefGroup = 3CF7AF5B1CD636F8004FD110 /* Products */;
			projectDirPath = "";
			projectRoot = "";
			targets = (
				3CF7AF591CD636F8004FD110 /* iOSDev3501_TableViewSearchHW */,
				3CF7AF721CD636F8004FD110 /* iOSDev3501_TableViewSearchHWTests */,
				3CF7AF7D1CD636F8004FD110 /* iOSDev3501_TableViewSearchHWUITests */,
			);
		};
/* End PBXProject section */

/* Begin PBXResourcesBuildPhase section */
		3CF7AF581CD636F8004FD110 /* Resources */ = {
			isa = PBXResourcesBuildPhase;
			buildActionMask = 2147483647;
			files = (
				3CF7AF6D1CD636F8004FD110 /* LaunchScreen.storyboard in Resources */,
				3CF7AF6A1CD636F8004FD110 /* Assets.xcassets in Resources */,
				3CF7AF681CD636F8004FD110 /* Main.storyboard in Resources */,
			);
			runOnlyForDeploymentPostprocessing = 0;
		};
		3CF7AF711CD636F8004FD110 /* Resources */ = {
			isa = PBXResourcesBuildPhase;
			buildActionMask = 2147483647;
			files = (
			);
			runOnlyForDeploymentPostprocessing = 0;
		};
		3CF7AF7C1CD636F8004FD110 /* Resources */ = {
			isa = PBXResourcesBuildPhase;
			buildActionMask = 2147483647;
			files = (
			);
			runOnlyForDeploymentPostprocessing = 0;
		};
/* End PBXResourcesBuildPhase section */

/* Begin PBXSourcesBuildPhase section */
		3CF7AF561CD636F8004FD110 /* Sources */ = {
			isa = PBXSourcesBuildPhase;
			buildActionMask = 2147483647;
			files = (
				3CF7AF951CD63871004FD110 /* SearchTableViewController.m in Sources */,
				3CF7AF621CD636F8004FD110 /* AppDelegate.m in Sources */,
				3CF7AF5F1CD636F8004FD110 /* main.m in Sources */,
				3CF7AF981CD638A6004FD110 /* Student.m in Sources */,
			);
			runOnlyForDeploymentPostprocessing = 0;
		};
		3CF7AF6F1CD636F8004FD110 /* Sources */ = {
			isa = PBXSourcesBuildPhase;
			buildActionMask = 2147483647;
			files = (
				3CF7AF781CD636F8004FD110 /* iOSDev3501_TableViewSearchHWTests.m in Sources */,
			);
			runOnlyForDeploymentPostprocessing = 0;
		};
		3CF7AF7A1CD636F8004FD110 /* Sources */ = {
			isa = PBXSourcesBuildPhase;
			buildActionMask = 2147483647;
			files = (
				3CF7AF831CD636F8004FD110 /* iOSDev3501_TableViewSearchHWUITests.m in Sources */,
			);
			runOnlyForDeploymentPostprocessing = 0;
		};
/* End PBXSourcesBuildPhase section */

/* Begin PBXTargetDependency section */
		3CF7AF751CD636F8004FD110 /* PBXTargetDependency */ = {
			isa = PBXTargetDependency;
			target = 3CF7AF591CD636F8004FD110 /* iOSDev3501_TableViewSearchHW */;
			targetProxy = 3CF7AF741CD636F8004FD110 /* PBXContainerItemProxy */;
		};
		3CF7AF801CD636F8004FD110 /* PBXTargetDependency */ = {
			isa = PBXTargetDependency;
			target = 3CF7AF591CD636F8004FD110 /* iOSDev3501_TableViewSearchHW */;
			targetProxy = 3CF7AF7F1CD636F8004FD110 /* PBXContainerItemProxy */;
		};
/* End PBXTargetDependency section */

/* Begin PBXVariantGroup section */
		3CF7AF661CD636F8004FD110 /* Main.storyboard */ = {
			isa = PBXVariantGroup;
			children = (
				3CF7AF671CD636F8004FD110 /* Base */,
			);
			name = Main.storyboard;
			sourceTree = "<group>";
		};
		3CF7AF6B1CD636F8004FD110 /* LaunchScreen.storyboard */ = {
			isa = PBXVariantGroup;
			children = (
				3CF7AF6C1CD636F8004FD110 /* Base */,
			);
			name = LaunchScreen.storyboard;
			sourceTree = "<group>";
		};
/* End PBXVariantGroup section */

/* Begin XCBuildConfiguration section */
		3CF7AF851CD636F8004FD110 /* Debug */ = {
			isa = XCBuildConfiguration;
			buildSettings = {
				ALWAYS_SEARCH_USER_PATHS = NO;
				CLANG_ANALYZER_NONNULL = YES;
				CLANG_CXX_LANGUAGE_STANDARD = "gnu++0x";
				CLANG_CXX_LIBRARY = "libc++";
				CLANG_ENABLE_MODULES = YES;
				CLANG_ENABLE_OBJC_ARC = YES;
				CLANG_WARN_BOOL_CONVERSION = YES;
				CLANG_WARN_CONSTANT_CONVERSION = YES;
				CLANG_WARN_DIRECT_OBJC_ISA_USAGE = YES_ERROR;
				CLANG_WARN_EMPTY_BODY = YES;
				CLANG_WARN_ENUM_CONVERSION = YES;
				CLANG_WARN_INT_CONVERSION = YES;
				CLANG_WARN_OBJC_ROOT_CLASS = YES_ERROR;
				CLANG_WARN_UNREACHABLE_CODE = YES;
				CLANG_WARN__DUPLICATE_METHOD_MATCH = YES;
				"CODE_SIGN_IDENTITY[sdk=iphoneos*]" = "iPhone Developer";
				COPY_PHASE_STRIP = NO;
				DEBUG_INFORMATION_FORMAT = dwarf;
				ENABLE_STRICT_OBJC_MSGSEND = YES;
				ENABLE_TESTABILITY = YES;
				GCC_C_LANGUAGE_STANDARD = gnu99;
				GCC_DYNAMIC_NO_PIC = NO;
				GCC_NO_COMMON_BLOCKS = YES;
				GCC_OPTIMIZATION_LEVEL = 0;
				GCC_PREPROCESSOR_DEFINITIONS = (
					"DEBUG=1",
					"$(inherited)",
				);
				GCC_WARN_64_TO_32_BIT_CONVERSION = YES;
				GCC_WARN_ABOUT_RETURN_TYPE = YES_ERROR;
				GCC_WARN_UNDECLARED_SELECTOR = YES;
				GCC_WARN_UNINITIALIZED_AUTOS = YES_AGGRESSIVE;
				GCC_WARN_UNUSED_FUNCTION = YES;
				GCC_WARN_UNUSED_VARIABLE = YES;
				IPHONEOS_DEPLOYMENT_TARGET = 9.3;
				MTL_ENABLE_DEBUG_INFO = YES;
				ONLY_ACTIVE_ARCH = YES;
				SDKROOT = iphoneos;
				TARGETED_DEVICE_FAMILY = "1,2";
			};
			name = Debug;
		};
		3CF7AF861CD636F8004FD110 /* Release */ = {
			isa = XCBuildConfiguration;
			buildSettings = {
				ALWAYS_SEARCH_USER_PATHS = NO;
				CLANG_ANALYZER_NONNULL = YES;
				CLANG_CXX_LANGUAGE_STANDARD = "gnu++0x";
				CLANG_CXX_LIBRARY = "libc++";
				CLANG_ENABLE_MODULES = YES;
				CLANG_ENABLE_OBJC_ARC = YES;
				CLANG_WARN_BOOL_CONVERSION = YES;
				CLANG_WARN_CONSTANT_CONVERSION = YES;
				CLANG_WARN_DIRECT_OBJC_ISA_USAGE = YES_ERROR;
				CLANG_WARN_EMPTY_BODY = YES;
				CLANG_WARN_ENUM_CONVERSION = YES;
				CLANG_WARN_INT_CONVERSION = YES;
				CLANG_WARN_OBJC_ROOT_CLASS = YES_ERROR;
				CLANG_WARN_UNREACHABLE_CODE = YES;
				CLANG_WARN__DUPLICATE_METHOD_MATCH = YES;
				"CODE_SIGN_IDENTITY[sdk=iphoneos*]" = "iPhone Developer";
				COPY_PHASE_STRIP = NO;
				DEBUG_INFORMATION_FORMAT = "dwarf-with-dsym";
				ENABLE_NS_ASSERTIONS = NO;
				ENABLE_STRICT_OBJC_MSGSEND = YES;
				GCC_C_LANGUAGE_STANDARD = gnu99;
				GCC_NO_COMMON_BLOCKS = YES;
				GCC_WARN_64_TO_32_BIT_CONVERSION = YES;
				GCC_WARN_ABOUT_RETURN_TYPE = YES_ERROR;
				GCC_WARN_UNDECLARED_SELECTOR = YES;
				GCC_WARN_UNINITIALIZED_AUTOS = YES_AGGRESSIVE;
				GCC_WARN_UNUSED_FUNCTION = YES;
				GCC_WARN_UNUSED_VARIABLE = YES;
				IPHONEOS_DEPLOYMENT_TARGET = 9.3;
				MTL_ENABLE_DEBUG_INFO = NO;
				SDKROOT = iphoneos;
				TARGETED_DEVICE_FAMILY = "1,2";
				VALIDATE_PRODUCT = YES;
			};
			name = Release;
		};
		3CF7AF881CD636F8004FD110 /* Debug */ = {
			isa = XCBuildConfiguration;
			buildSettings = {
				ASSETCATALOG_COMPILER_APPICON_NAME = AppIcon;
				INFOPLIST_FILE = iOSDev3501_TableViewSearchHW/Info.plist;
				LD_RUNPATH_SEARCH_PATHS = "$(inherited) @executable_path/Frameworks";
				PRODUCT_BUNDLE_IDENTIFIER = "com.oltv00.iOSDev3501-TableViewSearchHW";
				PRODUCT_NAME = "$(TARGET_NAME)";
			};
			name = Debug;
		};
		3CF7AF891CD636F8004FD110 /* Release */ = {
			isa = XCBuildConfiguration;
			buildSettings = {
				ASSETCATALOG_COMPILER_APPICON_NAME = AppIcon;
				INFOPLIST_FILE = iOSDev3501_TableViewSearchHW/Info.plist;
				LD_RUNPATH_SEARCH_PATHS = "$(inherited) @executable_path/Frameworks";
				PRODUCT_BUNDLE_IDENTIFIER = "com.oltv00.iOSDev3501-TableViewSearchHW";
				PRODUCT_NAME = "$(TARGET_NAME)";
			};
			name = Release;
		};
		3CF7AF8B1CD636F8004FD110 /* Debug */ = {
			isa = XCBuildConfiguration;
			buildSettings = {
				BUNDLE_LOADER = "$(TEST_HOST)";
				INFOPLIST_FILE = iOSDev3501_TableViewSearchHWTests/Info.plist;
				LD_RUNPATH_SEARCH_PATHS = "$(inherited) @executable_path/Frameworks @loader_path/Frameworks";
				PRODUCT_BUNDLE_IDENTIFIER = "com.oltv00.iOSDev3501-TableViewSearchHWTests";
				PRODUCT_NAME = "$(TARGET_NAME)";
				TEST_HOST = "$(BUILT_PRODUCTS_DIR)/iOSDev3501_TableViewSearchHW.app/iOSDev3501_TableViewSearchHW";
			};
			name = Debug;
		};
		3CF7AF8C1CD636F8004FD110 /* Release */ = {
			isa = XCBuildConfiguration;
			buildSettings = {
				BUNDLE_LOADER = "$(TEST_HOST)";
				INFOPLIST_FILE = iOSDev3501_TableViewSearchHWTests/Info.plist;
				LD_RUNPATH_SEARCH_PATHS = "$(inherited) @executable_path/Frameworks @loader_path/Frameworks";
				PRODUCT_BUNDLE_IDENTIFIER = "com.oltv00.iOSDev3501-TableViewSearchHWTests";
				PRODUCT_NAME = "$(TARGET_NAME)";
				TEST_HOST = "$(BUILT_PRODUCTS_DIR)/iOSDev3501_TableViewSearchHW.app/iOSDev3501_TableViewSearchHW";
			};
			name = Release;
		};
		3CF7AF8E1CD636F8004FD110 /* Debug */ = {
			isa = XCBuildConfiguration;
			buildSettings = {
				INFOPLIST_FILE = iOSDev3501_TableViewSearchHWUITests/Info.plist;
				LD_RUNPATH_SEARCH_PATHS = "$(inherited) @executable_path/Frameworks @loader_path/Frameworks";
				PRODUCT_BUNDLE_IDENTIFIER = "com.oltv00.iOSDev3501-TableViewSearchHWUITests";
				PRODUCT_NAME = "$(TARGET_NAME)";
				TEST_TARGET_NAME = iOSDev3501_TableViewSearchHW;
			};
			name = Debug;
		};
		3CF7AF8F1CD636F8004FD110 /* Release */ = {
			isa = XCBuildConfiguration;
			buildSettings = {
				INFOPLIST_FILE = iOSDev3501_TableViewSearchHWUITests/Info.plist;
				LD_RUNPATH_SEARCH_PATHS = "$(inherited) @executable_path/Frameworks @loader_path/Frameworks";
				PRODUCT_BUNDLE_IDENTIFIER = "com.oltv00.iOSDev3501-TableViewSearchHWUITests";
				PRODUCT_NAME = "$(TARGET_NAME)";
				TEST_TARGET_NAME = iOSDev3501_TableViewSearchHW;
			};
			name = Release;
		};
/* End XCBuildConfiguration section */

/* Begin XCConfigurationList section */
		3CF7AF551CD636F8004FD110 /* Build configuration list for PBXProject "iOSDev3501_TableViewSearchHW" */ = {
			isa = XCConfigurationList;
			buildConfigurations = (
				3CF7AF851CD636F8004FD110 /* Debug */,
				3CF7AF861CD636F8004FD110 /* Release */,
			);
			defaultConfigurationIsVisible = 0;
			defaultConfigurationName = Release;
		};
		3CF7AF871CD636F8004FD110 /* Build configuration list for PBXNativeTarget "iOSDev3501_TableViewSearchHW" */ = {
			isa = XCConfigurationList;
			buildConfigurations = (
				3CF7AF881CD636F8004FD110 /* Debug */,
				3CF7AF891CD636F8004FD110 /* Release */,
			);
			defaultConfigurationIsVisible = 0;
			defaultConfigurationName = Release;
		};
		3CF7AF8A1CD636F8004FD110 /* Build configuration list for PBXNativeTarget "iOSDev3501_TableViewSearchHWTests" */ = {
			isa = XCConfigurationList;
			buildConfigurations = (
				3CF7AF8B1CD636F8004FD110 /* Debug */,
				3CF7AF8C1CD636F8004FD110 /* Release */,
			);
			defaultConfigurationIsVisible = 0;
			defaultConfigurationName = Release;
		};
		3CF7AF8D1CD636F8004FD110 /* Build configuration list for PBXNativeTarget "iOSDev3501_TableViewSearchHWUITests" */ = {
			isa = XCConfigurationList;
			buildConfigurations = (
				3CF7AF8E1CD636F8004FD110 /* Debug */,
				3CF7AF8F1CD636F8004FD110 /* Release */,
			);
			defaultConfigurationIsVisible = 0;
			defaultConfigurationName = Release;
		};
/* End XCConfigurationList section */
	};
	rootObject = 3CF7AF521CD636F8004FD110 /* Project object */;
}
