// !$*UTF8*$!
{
	archiveVersion = 1;
	classes = {
	};
	objectVersion = 46;
	objects = {

/* Begin PBXBuildFile section */
		3AE3BE241BF3C9C0006E4F00 /* main.m in Sources */ = {isa = PBXBuildFile; fileRef = 3AE3BE231BF3C9C0006E4F00 /* main.m */; };
		3AE3BE271BF3C9C0006E4F00 /* AppDelegate.m in Sources */ = {isa = PBXBuildFile; fileRef = 3AE3BE261BF3C9C0006E4F00 /* AppDelegate.m */; };
		3AE3BE2A1BF3C9C0006E4F00 /* ViewController.m in Sources */ = {isa = PBXBuildFile; fileRef = 3AE3BE291BF3C9C0006E4F00 /* ViewController.m */; };
		3AE3BE2D1BF3C9C0006E4F00 /* Main.storyboard in Resources */ = {isa = PBXBuildFile; fileRef = 3AE3BE2B1BF3C9C0006E4F00 /* Main.storyboard */; };
		3AE3BE2F1BF3C9C0006E4F00 /* Assets.xcassets in Resources */ = {isa = PBXBuildFile; fileRef = 3AE3BE2E1BF3C9C0006E4F00 /* Assets.xcassets */; };
		3AE3BE321BF3C9C0006E4F00 /* LaunchScreen.storyboard in Resources */ = {isa = PBXBuildFile; fileRef = 3AE3BE301BF3C9C0006E4F00 /* LaunchScreen.storyboard */; };
		3AE3BE431BF3CC4B006E4F00 /* center.png in Resources */ = {isa = PBXBuildFile; fileRef = 3AE3BE3A1BF3CC4B006E4F00 /* center.png */; };
		3AE3BE441BF3CC4B006E4F00 /* left1.png in Resources */ = {isa = PBXBuildFile; fileRef = 3AE3BE3B1BF3CC4B006E4F00 /* left1.png */; };
		3AE3BE451BF3CC4B006E4F00 /* left2.png in Resources */ = {isa = PBXBuildFile; fileRef = 3AE3BE3C1BF3CC4B006E4F00 /* left2.png */; };
		3AE3BE461BF3CC4B006E4F00 /* left3.png in Resources */ = {isa = PBXBuildFile; fileRef = 3AE3BE3D1BF3CC4B006E4F00 /* left3.png */; };
		3AE3BE471BF3CC4B006E4F00 /* left4.png in Resources */ = {isa = PBXBuildFile; fileRef = 3AE3BE3E1BF3CC4B006E4F00 /* left4.png */; };
		3AE3BE481BF3CC4B006E4F00 /* right1.png in Resources */ = {isa = PBXBuildFile; fileRef = 3AE3BE3F1BF3CC4B006E4F00 /* right1.png */; };
		3AE3BE491BF3CC4B006E4F00 /* right2.png in Resources */ = {isa = PBXBuildFile; fileRef = 3AE3BE401BF3CC4B006E4F00 /* right2.png */; };
		3AE3BE4A1BF3CC4B006E4F00 /* right3.png in Resources */ = {isa = PBXBuildFile; fileRef = 3AE3BE411BF3CC4B006E4F00 /* right3.png */; };
		3AE3BE4B1BF3CC4B006E4F00 /* right4.png in Resources */ = {isa = PBXBuildFile; fileRef = 3AE3BE421BF3CC4B006E4F00 /* right4.png */; };
/* End PBXBuildFile section */

/* Begin PBXFileReference section */
		3AE3BE1F1BF3C9C0006E4F00 /* 23_GesturesTestRestoProg.app */ = {isa = PBXFileReference; explicitFileType = wrapper.application; includeInIndex = 0; path = 23_GesturesTestRestoProg.app; sourceTree = BUILT_PRODUCTS_DIR; };
		3AE3BE231BF3C9C0006E4F00 /* main.m */ = {isa = PBXFileReference; lastKnownFileType = sourcecode.c.objc; path = main.m; sourceTree = "<group>"; };
		3AE3BE251BF3C9C0006E4F00 /* AppDelegate.h */ = {isa = PBXFileReference; lastKnownFileType = sourcecode.c.h; path = AppDelegate.h; sourceTree = "<group>"; };
		3AE3BE261BF3C9C0006E4F00 /* AppDelegate.m */ = {isa = PBXFileReference; lastKnownFileType = sourcecode.c.objc; path = AppDelegate.m; sourceTree = "<group>"; };
		3AE3BE281BF3C9C0006E4F00 /* ViewController.h */ = {isa = PBXFileReference; lastKnownFileType = sourcecode.c.h; path = ViewController.h; sourceTree = "<group>"; };
		3AE3BE291BF3C9C0006E4F00 /* ViewController.m */ = {isa = PBXFileReference; lastKnownFileType = sourcecode.c.objc; path = ViewController.m; sourceTree = "<group>"; };
		3AE3BE2C1BF3C9C0006E4F00 /* Base */ = {isa = PBXFileReference; lastKnownFileType = file.storyboard; name = Base; path = Base.lproj/Main.storyboard; sourceTree = "<group>"; };
		3AE3BE2E1BF3C9C0006E4F00 /* Assets.xcassets */ = {isa = PBXFileReference; lastKnownFileType = folder.assetcatalog; path = Assets.xcassets; sourceTree = "<group>"; };
		3AE3BE311BF3C9C0006E4F00 /* Base */ = {isa = PBXFileReference; lastKnownFileType = file.storyboard; name = Base; path = Base.lproj/LaunchScreen.storyboard; sourceTree = "<group>"; };
		3AE3BE331BF3C9C0006E4F00 /* Info.plist */ = {isa = PBXFileReference; lastKnownFileType = text.plist.xml; path = Info.plist; sourceTree = "<group>"; };
		3AE3BE3A1BF3CC4B006E4F00 /* center.png */ = {isa = PBXFileReference; lastKnownFileType = image.png; path = center.png; sourceTree = "<group>"; };
		3AE3BE3B1BF3CC4B006E4F00 /* left1.png */ = {isa = PBXFileReference; lastKnownFileType = image.png; path = left1.png; sourceTree = "<group>"; };
		3AE3BE3C1BF3CC4B006E4F00 /* left2.png */ = {isa = PBXFileReference; lastKnownFileType = image.png; path = left2.png; sourceTree = "<group>"; };
		3AE3BE3D1BF3CC4B006E4F00 /* left3.png */ = {isa = PBXFileReference; lastKnownFileType = image.png; path = left3.png; sourceTree = "<group>"; };
		3AE3BE3E1BF3CC4B006E4F00 /* left4.png */ = {isa = PBXFileReference; lastKnownFileType = image.png; path = left4.png; sourceTree = "<group>"; };
		3AE3BE3F1BF3CC4B006E4F00 /* right1.png */ = {isa = PBXFileReference; lastKnownFileType = image.png; path = right1.png; sourceTree = "<group>"; };
		3AE3BE401BF3CC4B006E4F00 /* right2.png */ = {isa = PBXFileReference; lastKnownFileType = image.png; path = right2.png; sourceTree = "<group>"; };
		3AE3BE411BF3CC4B006E4F00 /* right3.png */ = {isa = PBXFileReference; lastKnownFileType = image.png; path = right3.png; sourceTree = "<group>"; };
		3AE3BE421BF3CC4B006E4F00 /* right4.png */ = {isa = PBXFileReference; lastKnownFileType = image.png; path = right4.png; sourceTree = "<group>"; };
/* End PBXFileReference section */

/* Begin PBXFrameworksBuildPhase section */
		3AE3BE1C1BF3C9C0006E4F00 /* Frameworks */ = {
			isa = PBXFrameworksBuildPhase;
			buildActionMask = 2147483647;
			files = (
			);
			runOnlyForDeploymentPostprocessing = 0;
		};
/* End PBXFrameworksBuildPhase section */

/* Begin PBXGroup section */
		3AE3BE161BF3C9C0006E4F00 = {
			isa = PBXGroup;
			children = (
				3AE3BE211BF3C9C0006E4F00 /* 23_GesturesTestRestoProg */,
				3AE3BE201BF3C9C0006E4F00 /* Products */,
				3AE3BE391BF3CC4B006E4F00 /* totoroAnimation */,
			);
			sourceTree = "<group>";
		};
		3AE3BE201BF3C9C0006E4F00 /* Products */ = {
			isa = PBXGroup;
			children = (
				3AE3BE1F1BF3C9C0006E4F00 /* 23_GesturesTestRestoProg.app */,
			);
			name = Products;
			sourceTree = "<group>";
		};
		3AE3BE211BF3C9C0006E4F00 /* 23_GesturesTestRestoProg */ = {
			isa = PBXGroup;
			children = (
				3AE3BE251BF3C9C0006E4F00 /* AppDelegate.h */,
				3AE3BE261BF3C9C0006E4F00 /* AppDelegate.m */,
				3AE3BE281BF3C9C0006E4F00 /* ViewController.h */,
				3AE3BE291BF3C9C0006E4F00 /* ViewController.m */,
				3AE3BE2B1BF3C9C0006E4F00 /* Main.storyboard */,
				3AE3BE2E1BF3C9C0006E4F00 /* Assets.xcassets */,
				3AE3BE301BF3C9C0006E4F00 /* LaunchScreen.storyboard */,
				3AE3BE331BF3C9C0006E4F00 /* Info.plist */,
				3AE3BE221BF3C9C0006E4F00 /* Supporting Files */,
			);
			path = 23_GesturesTestRestoProg;
			sourceTree = "<group>";
		};
		3AE3BE221BF3C9C0006E4F00 /* Supporting Files */ = {
			isa = PBXGroup;
			children = (
				3AE3BE231BF3C9C0006E4F00 /* main.m */,
			);
			name = "Supporting Files";
			sourceTree = "<group>";
		};
		3AE3BE391BF3CC4B006E4F00 /* totoroAnimation */ = {
			isa = PBXGroup;
			children = (
				3AE3BE3A1BF3CC4B006E4F00 /* center.png */,
				3AE3BE3B1BF3CC4B006E4F00 /* left1.png */,
				3AE3BE3C1BF3CC4B006E4F00 /* left2.png */,
				3AE3BE3D1BF3CC4B006E4F00 /* left3.png */,
				3AE3BE3E1BF3CC4B006E4F00 /* left4.png */,
				3AE3BE3F1BF3CC4B006E4F00 /* right1.png */,
				3AE3BE401BF3CC4B006E4F00 /* right2.png */,
				3AE3BE411BF3CC4B006E4F00 /* right3.png */,
				3AE3BE421BF3CC4B006E4F00 /* right4.png */,
			);
			path = totoroAnimation;
			sourceTree = "<group>";
		};
/* End PBXGroup section */

/* Begin PBXNativeTarget section */
		3AE3BE1E1BF3C9C0006E4F00 /* 23_GesturesTestRestoProg */ = {
			isa = PBXNativeTarget;
			buildConfigurationList = 3AE3BE361BF3C9C0006E4F00 /* Build configuration list for PBXNativeTarget "23_GesturesTestRestoProg" */;
			buildPhases = (
				3AE3BE1B1BF3C9C0006E4F00 /* Sources */,
				3AE3BE1C1BF3C9C0006E4F00 /* Frameworks */,
				3AE3BE1D1BF3C9C0006E4F00 /* Resources */,
			);
			buildRules = (
			);
			dependencies = (
			);
			name = 23_GesturesTestRestoProg;
			productName = 23_GesturesTestRestoProg;
			productReference = 3AE3BE1F1BF3C9C0006E4F00 /* 23_GesturesTestRestoProg.app */;
			productType = "com.apple.product-type.application";
		};
/* End PBXNativeTarget section */

/* Begin PBXProject section */
		3AE3BE171BF3C9C0006E4F00 /* Project object */ = {
			isa = PBXProject;
			attributes = {
				LastUpgradeCheck = 0710;
				ORGANIZATIONNAME = "Oleg Tverdokhleb";
				TargetAttributes = {
					3AE3BE1E1BF3C9C0006E4F00 = {
						CreatedOnToolsVersion = 7.1.1;
						DevelopmentTeam = 5V5PKY8F9C;
					};
				};
			};
			buildConfigurationList = 3AE3BE1A1BF3C9C0006E4F00 /* Build configuration list for PBXProject "23_GesturesTestRestoProg" */;
			compatibilityVersion = "Xcode 3.2";
			developmentRegion = English;
			hasScannedForEncodings = 0;
			knownRegions = (
				en,
				Base,
			);
			mainGroup = 3AE3BE161BF3C9C0006E4F00;
			productRefGroup = 3AE3BE201BF3C9C0006E4F00 /* Products */;
			projectDirPath = "";
			projectRoot = "";
			targets = (
				3AE3BE1E1BF3C9C0006E4F00 /* 23_GesturesTestRestoProg */,
			);
		};
/* End PBXProject section */

/* Begin PBXResourcesBuildPhase section */
		3AE3BE1D1BF3C9C0006E4F00 /* Resources */ = {
			isa = PBXResourcesBuildPhase;
			buildActionMask = 2147483647;
			files = (
				3AE3BE481BF3CC4B006E4F00 /* right1.png in Resources */,
				3AE3BE321BF3C9C0006E4F00 /* LaunchScreen.storyboard in Resources */,
				3AE3BE2F1BF3C9C0006E4F00 /* Assets.xcassets in Resources */,
				3AE3BE4B1BF3CC4B006E4F00 /* right4.png in Resources */,
				3AE3BE431BF3CC4B006E4F00 /* center.png in Resources */,
				3AE3BE471BF3CC4B006E4F00 /* left4.png in Resources */,
				3AE3BE4A1BF3CC4B006E4F00 /* right3.png in Resources */,
				3AE3BE2D1BF3C9C0006E4F00 /* Main.storyboard in Resources */,
				3AE3BE461BF3CC4B006E4F00 /* left3.png in Resources */,
				3AE3BE441BF3CC4B006E4F00 /* left1.png in Resources */,
				3AE3BE451BF3CC4B006E4F00 /* left2.png in Resources */,
				3AE3BE491BF3CC4B006E4F00 /* right2.png in Resources */,
			);
			runOnlyForDeploymentPostprocessing = 0;
		};
/* End PBXResourcesBuildPhase section */

/* Begin PBXSourcesBuildPhase section */
		3AE3BE1B1BF3C9C0006E4F00 /* Sources */ = {
			isa = PBXSourcesBuildPhase;
			buildActionMask = 2147483647;
			files = (
				3AE3BE2A1BF3C9C0006E4F00 /* ViewController.m in Sources */,
				3AE3BE271BF3C9C0006E4F00 /* AppDelegate.m in Sources */,
				3AE3BE241BF3C9C0006E4F00 /* main.m in Sources */,
			);
			runOnlyForDeploymentPostprocessing = 0;
		};
/* End PBXSourcesBuildPhase section */

/* Begin PBXVariantGroup section */
		3AE3BE2B1BF3C9C0006E4F00 /* Main.storyboard */ = {
			isa = PBXVariantGroup;
			children = (
				3AE3BE2C1BF3C9C0006E4F00 /* Base */,
			);
			name = Main.storyboard;
			sourceTree = "<group>";
		};
		3AE3BE301BF3C9C0006E4F00 /* LaunchScreen.storyboard */ = {
			isa = PBXVariantGroup;
			children = (
				3AE3BE311BF3C9C0006E4F00 /* Base */,
			);
			name = LaunchScreen.storyboard;
			sourceTree = "<group>";
		};
/* End PBXVariantGroup section */

/* Begin XCBuildConfiguration section */
		3AE3BE341BF3C9C0006E4F00 /* Debug */ = {
			isa = XCBuildConfiguration;
			buildSettings = {
				ALWAYS_SEARCH_USER_PATHS = NO;
				CLANG_CXX_LANGUAGE_STANDARD = "gnu++0x";
				CLANG_CXX_LIBRARY = "libc++";
				CLANG_ENABLE_MODULES = YES;
				CLANG_ENABLE_OBJC_ARC = YES;
				CLANG_WARN_BOOL_CONVERSION = YES;
				CLANG_WARN_CONSTANT_CONVERSION = YES;
				CLANG_WARN_DIRECT_OBJC_ISA_USAGE = YES_ERROR;
				CLANG_WARN_EMPTY_BODY = YES;
				CLANG_WARN_ENUM_CONVERSION = YES;
				CLANG_WARN_INT_CONVERSION = YES;
				CLANG_WARN_OBJC_ROOT_CLASS = YES_ERROR;
				CLANG_WARN_UNREACHABLE_CODE = YES;
				CLANG_WARN__DUPLICATE_METHOD_MATCH = YES;
				"CODE_SIGN_IDENTITY[sdk=iphoneos*]" = "iPhone Developer";
				COPY_PHASE_STRIP = NO;
				DEBUG_INFORMATION_FORMAT = dwarf;
				ENABLE_STRICT_OBJC_MSGSEND = YES;
				ENABLE_TESTABILITY = YES;
				GCC_C_LANGUAGE_STANDARD = gnu99;
				GCC_DYNAMIC_NO_PIC = NO;
				GCC_NO_COMMON_BLOCKS = YES;
				GCC_OPTIMIZATION_LEVEL = 0;
				GCC_PREPROCESSOR_DEFINITIONS = (
					"DEBUG=1",
					"$(inherited)",
				);
				GCC_WARN_64_TO_32_BIT_CONVERSION = YES;
				GCC_WARN_ABOUT_RETURN_TYPE = YES_ERROR;
				GCC_WARN_UNDECLARED_SELECTOR = YES;
				GCC_WARN_UNINITIALIZED_AUTOS = YES_AGGRESSIVE;
				GCC_WARN_UNUSED_FUNCTION = YES;
				GCC_WARN_UNUSED_VARIABLE = YES;
				IPHONEOS_DEPLOYMENT_TARGET = 9.1;
				MTL_ENABLE_DEBUG_INFO = YES;
				ONLY_ACTIVE_ARCH = YES;
				SDKROOT = iphoneos;
				TARGETED_DEVICE_FAMILY = "1,2";
			};
			name = Debug;
		};
		3AE3BE351BF3C9C0006E4F00 /* Release */ = {
			isa = XCBuildConfiguration;
			buildSettings = {
				ALWAYS_SEARCH_USER_PATHS = NO;
				CLANG_CXX_LANGUAGE_STANDARD = "gnu++0x";
				CLANG_CXX_LIBRARY = "libc++";
				CLANG_ENABLE_MODULES = YES;
				CLANG_ENABLE_OBJC_ARC = YES;
				CLANG_WARN_BOOL_CONVERSION = YES;
				CLANG_WARN_CONSTANT_CONVERSION = YES;
				CLANG_WARN_DIRECT_OBJC_ISA_USAGE = YES_ERROR;
				CLANG_WARN_EMPTY_BODY = YES;
				CLANG_WARN_ENUM_CONVERSION = YES;
				CLANG_WARN_INT_CONVERSION = YES;
				CLANG_WARN_OBJC_ROOT_CLASS = YES_ERROR;
				CLANG_WARN_UNREACHABLE_CODE = YES;
				CLANG_WARN__DUPLICATE_METHOD_MATCH = YES;
				"CODE_SIGN_IDENTITY[sdk=iphoneos*]" = "iPhone Developer";
				COPY_PHASE_STRIP = NO;
				DEBUG_INFORMATION_FORMAT = "dwarf-with-dsym";
				ENABLE_NS_ASSERTIONS = NO;
				ENABLE_STRICT_OBJC_MSGSEND = YES;
				GCC_C_LANGUAGE_STANDARD = gnu99;
				GCC_NO_COMMON_BLOCKS = YES;
				GCC_WARN_64_TO_32_BIT_CONVERSION = YES;
				GCC_WARN_ABOUT_RETURN_TYPE = YES_ERROR;
				GCC_WARN_UNDECLARED_SELECTOR = YES;
				GCC_WARN_UNINITIALIZED_AUTOS = YES_AGGRESSIVE;
				GCC_WARN_UNUSED_FUNCTION = YES;
				GCC_WARN_UNUSED_VARIABLE = YES;
				IPHONEOS_DEPLOYMENT_TARGET = 9.1;
				MTL_ENABLE_DEBUG_INFO = NO;
				SDKROOT = iphoneos;
				TARGETED_DEVICE_FAMILY = "1,2";
				VALIDATE_PRODUCT = YES;
			};
			name = Release;
		};
		3AE3BE371BF3C9C0006E4F00 /* Debug */ = {
			isa = XCBuildConfiguration;
			buildSettings = {
				ASSETCATALOG_COMPILER_APPICON_NAME = AppIcon;
				INFOPLIST_FILE = 23_GesturesTestRestoProg/Info.plist;
				IPHONEOS_DEPLOYMENT_TARGET = 9.0;
				LD_RUNPATH_SEARCH_PATHS = "$(inherited) @executable_path/Frameworks";
				PRODUCT_BUNDLE_IDENTIFIER = "MRQResto.-3-GesturesTestRestoProg";
				PRODUCT_NAME = "$(TARGET_NAME)";
			};
			name = Debug;
		};
		3AE3BE381BF3C9C0006E4F00 /* Release */ = {
			isa = XCBuildConfiguration;
			buildSettings = {
				ASSETCATALOG_COMPILER_APPICON_NAME = AppIcon;
				INFOPLIST_FILE = 23_GesturesTestRestoProg/Info.plist;
				IPHONEOS_DEPLOYMENT_TARGET = 9.0;
				LD_RUNPATH_SEARCH_PATHS = "$(inherited) @executable_path/Frameworks";
				PRODUCT_BUNDLE_IDENTIFIER = "MRQResto.-3-GesturesTestRestoProg";
				PRODUCT_NAME = "$(TARGET_NAME)";
			};
			name = Release;
		};
/* End XCBuildConfiguration section */

/* Begin XCConfigurationList section */
		3AE3BE1A1BF3C9C0006E4F00 /* Build configuration list for PBXProject "23_GesturesTestRestoProg" */ = {
			isa = XCConfigurationList;
			buildConfigurations = (
				3AE3BE341BF3C9C0006E4F00 /* Debug */,
				3AE3BE351BF3C9C0006E4F00 /* Release */,
			);
			defaultConfigurationIsVisible = 0;
			defaultConfigurationName = Release;
		};
		3AE3BE361BF3C9C0006E4F00 /* Build configuration list for PBXNativeTarget "23_GesturesTestRestoProg" */ = {
			isa = XCConfigurationList;
			buildConfigurations = (
				3AE3BE371BF3C9C0006E4F00 /* Debug */,
				3AE3BE381BF3C9C0006E4F00 /* Release */,
			);
			defaultConfigurationIsVisible = 0;
		};
/* End XCConfigurationList section */
	};
	rootObject = 3AE3BE171BF3C9C0006E4F00 /* Project object */;
}
